
Microsoft Visual Studio Solution File, Format Version 12.00
# Visual Studio Version 17
VisualStudioVersion = 17.9.34607.119
MinimumVisualStudioVersion = 10.0.40219.1
Project("{FAE04EC0-301F-11D3-BF4B-00C04F79EFBC}") = "General-ConsoleApp", "General-ConsoleApp\General-ConsoleApp.csproj", "{0ACEA447-7836-45B6-AF37-32A87134B41A}"
EndProject
Project("{FAE04EC0-301F-11D3-BF4B-00C04F79EFBC}") = "Core", "Core\Core.csproj", "{C4794A03-ED64-47F4-B077-F21FFBC8F563}"
EndProject
Project("{FAE04EC0-301F-11D3-BF4B-00C04F79EFBC}") = "Services", "Services\Services.csproj", "{0E857F76-4404-4864-89DC-C73DDB8B1639}"
EndProject
Global
	GlobalSection(SolutionConfigurationPlatforms) = preSolution
		Debug|Any CPU = Debug|Any CPU
		Release|Any CPU = Release|Any CPU
	EndGlobalSection
	GlobalSection(ProjectConfigurationPlatforms) = postSolution
		{0ACEA447-7836-45B6-AF37-32A87134B41A}.Debug|Any CPU.ActiveCfg = Debug|Any CPU
		{0ACEA447-7836-45B6-AF37-32A87134B41A}.Debug|Any CPU.Build.0 = Debug|Any CPU
		{0ACEA447-7836-45B6-AF37-32A87134B41A}.Release|Any CPU.ActiveCfg = Release|Any CPU
		{0ACEA447-7836-45B6-AF37-32A87134B41A}.Release|Any CPU.Build.0 = Release|Any CPU
		{C4794A03-ED64-47F4-B077-F21FFBC8F563}.Debug|Any CPU.ActiveCfg = Debug|Any CPU
		{C4794A03-ED64-47F4-B077-F21FFBC8F563}.Debug|Any CPU.Build.0 = Debug|Any CPU
		{C4794A03-ED64-47F4-B077-F21FFBC8F563}.Release|Any CPU.ActiveCfg = Release|Any CPU
		{C4794A03-ED64-47F4-B077-F21FFBC8F563}.Release|Any CPU.Build.0 = Release|Any CPU
		{0E857F76-4404-4864-89DC-C73DDB8B1639}.Debug|Any CPU.ActiveCfg = Debug|Any CPU
		{0E857F76-4404-4864-89DC-C73DDB8B1639}.Debug|Any CPU.Build.0 = Debug|Any CPU
		{0E857F76-4404-4864-89DC-C73DDB8B1639}.Release|Any CPU.ActiveCfg = Release|Any CPU
		{0E857F76-4404-4864-89DC-C73DDB8B1639}.Release|Any CPU.Build.0 = Release|Any CPU
	EndGlobalSection
	GlobalSection(SolutionProperties) = preSolution
		HideSolutionNode = FALSE
	EndGlobalSection
	GlobalSection(ExtensibilityGlobals) = postSolution
		SolutionGuid = {AB73C65B-BF8D-4D11-B906-81AC77A8CFE9}
	EndGlobalSection
EndGlobal
